
Microsoft Visual Studio Solution File, Format Version 12.00
# Visual Studio Version 16
VisualStudioVersion = 16.0.28803.202
MinimumVisualStudioVersion = 10.0.40219.1
Project("{2150E333-8FDC-42A3-9474-1A3956D46DE8}") = "0 - Data", "0 - Data", "{94BCDA63-B8FD-4B63-B3C9-A4E8FE838D8E}"
EndProject
Project("{2150E333-8FDC-42A3-9474-1A3956D46DE8}") = "1 - Infra", "1 - Infra", "{D0EC96CA-64B9-4D9F-A80C-77B48D268624}"
EndProject
Project("{2150E333-8FDC-42A3-9474-1A3956D46DE8}") = "2 - Presentation", "2 - Presentation", "{9A4233CF-6ABC-4822-BFC2-6307BCC21957}"
EndProject
Project("{9A19103F-16F7-4668-BE54-9A1E7A4F7556}") = "WebApi", "WebApi\WebApi.csproj", "{9B66DC76-5FFC-4377-B1A0-EA8FC968B71F}"
EndProject
Project("{9A19103F-16F7-4668-BE54-9A1E7A4F7556}") = "Infra", "Infra\Infra.csproj", "{C7A0D01F-78BC-49F2-95BC-758809FCE401}"
EndProject
Project("{9A19103F-16F7-4668-BE54-9A1E7A4F7556}") = "Data", "Data\Data.csproj", "{E15271AE-4763-4DFB-8BBE-40AA265DD74C}"
EndProject
Project("{2150E333-8FDC-42A3-9474-1A3956D46DE8}") = "X - CrossCutting", "X - CrossCutting", "{C09182FF-9BCE-48AD-A82F-10F6EF9DEF75}"
EndProject
Project("{9A19103F-16F7-4668-BE54-9A1E7A4F7556}") = "SystemHelper", "SystemHelper\SystemHelper.csproj", "{D8901A4C-173D-4156-B757-D1AA1C44C9C7}"
EndProject
Project("{9A19103F-16F7-4668-BE54-9A1E7A4F7556}") = "IoC", "IoC\IoC.csproj", "{0B7B371C-F24A-40D0-AF1B-2C445D6D65CD}"
EndProject
Project("{E53339B2-1760-4266-BCC7-CA923CBCF16C}") = "docker-compose", "docker-compose.dcproj", "{3D2F8247-EC6E-447A-AE6C-9682B34FCA6A}"
EndProject
Global
	GlobalSection(SolutionConfigurationPlatforms) = preSolution
		Debug|Any CPU = Debug|Any CPU
		Release|Any CPU = Release|Any CPU
	EndGlobalSection
	GlobalSection(ProjectConfigurationPlatforms) = postSolution
		{9B66DC76-5FFC-4377-B1A0-EA8FC968B71F}.Debug|Any CPU.ActiveCfg = Debug|Any CPU
		{9B66DC76-5FFC-4377-B1A0-EA8FC968B71F}.Debug|Any CPU.Build.0 = Debug|Any CPU
		{9B66DC76-5FFC-4377-B1A0-EA8FC968B71F}.Release|Any CPU.ActiveCfg = Release|Any CPU
		{9B66DC76-5FFC-4377-B1A0-EA8FC968B71F}.Release|Any CPU.Build.0 = Release|Any CPU
		{C7A0D01F-78BC-49F2-95BC-758809FCE401}.Debug|Any CPU.ActiveCfg = Debug|Any CPU
		{C7A0D01F-78BC-49F2-95BC-758809FCE401}.Debug|Any CPU.Build.0 = Debug|Any CPU
		{C7A0D01F-78BC-49F2-95BC-758809FCE401}.Release|Any CPU.ActiveCfg = Release|Any CPU
		{C7A0D01F-78BC-49F2-95BC-758809FCE401}.Release|Any CPU.Build.0 = Release|Any CPU
		{E15271AE-4763-4DFB-8BBE-40AA265DD74C}.Debug|Any CPU.ActiveCfg = Debug|Any CPU
		{E15271AE-4763-4DFB-8BBE-40AA265DD74C}.Debug|Any CPU.Build.0 = Debug|Any CPU
		{E15271AE-4763-4DFB-8BBE-40AA265DD74C}.Release|Any CPU.ActiveCfg = Release|Any CPU
		{E15271AE-4763-4DFB-8BBE-40AA265DD74C}.Release|Any CPU.Build.0 = Release|Any CPU
		{D8901A4C-173D-4156-B757-D1AA1C44C9C7}.Debug|Any CPU.ActiveCfg = Debug|Any CPU
		{D8901A4C-173D-4156-B757-D1AA1C44C9C7}.Debug|Any CPU.Build.0 = Debug|Any CPU
		{D8901A4C-173D-4156-B757-D1AA1C44C9C7}.Release|Any CPU.ActiveCfg = Release|Any CPU
		{D8901A4C-173D-4156-B757-D1AA1C44C9C7}.Release|Any CPU.Build.0 = Release|Any CPU
		{0B7B371C-F24A-40D0-AF1B-2C445D6D65CD}.Debug|Any CPU.ActiveCfg = Debug|Any CPU
		{0B7B371C-F24A-40D0-AF1B-2C445D6D65CD}.Debug|Any CPU.Build.0 = Debug|Any CPU
		{0B7B371C-F24A-40D0-AF1B-2C445D6D65CD}.Release|Any CPU.ActiveCfg = Release|Any CPU
		{0B7B371C-F24A-40D0-AF1B-2C445D6D65CD}.Release|Any CPU.Build.0 = Release|Any CPU
		{3D2F8247-EC6E-447A-AE6C-9682B34FCA6A}.Debug|Any CPU.ActiveCfg = Debug|Any CPU
		{3D2F8247-EC6E-447A-AE6C-9682B34FCA6A}.Debug|Any CPU.Build.0 = Debug|Any CPU
		{3D2F8247-EC6E-447A-AE6C-9682B34FCA6A}.Release|Any CPU.ActiveCfg = Release|Any CPU
		{3D2F8247-EC6E-447A-AE6C-9682B34FCA6A}.Release|Any CPU.Build.0 = Release|Any CPU
	EndGlobalSection
	GlobalSection(SolutionProperties) = preSolution
		HideSolutionNode = FALSE
	EndGlobalSection
	GlobalSection(NestedProjects) = preSolution
		{9B66DC76-5FFC-4377-B1A0-EA8FC968B71F} = {9A4233CF-6ABC-4822-BFC2-6307BCC21957}
		{C7A0D01F-78BC-49F2-95BC-758809FCE401} = {D0EC96CA-64B9-4D9F-A80C-77B48D268624}
		{E15271AE-4763-4DFB-8BBE-40AA265DD74C} = {94BCDA63-B8FD-4B63-B3C9-A4E8FE838D8E}
		{D8901A4C-173D-4156-B757-D1AA1C44C9C7} = {C09182FF-9BCE-48AD-A82F-10F6EF9DEF75}
		{0B7B371C-F24A-40D0-AF1B-2C445D6D65CD} = {C09182FF-9BCE-48AD-A82F-10F6EF9DEF75}
	EndGlobalSection
	GlobalSection(ExtensibilityGlobals) = postSolution
		SolutionGuid = {8F89A9B1-9364-42C0-8044-01DE5A6E1487}
	EndGlobalSection
EndGlobal
